
Microsoft Visual Studio Solution File, Format Version 12.00
# Visual Studio 14
VisualStudioVersion = 14.0.25123.0
MinimumVisualStudioVersion = 10.0.40219.1
Project("{FAE04EC0-301F-11D3-BF4B-00C04F79EFBC}") = "MotionWordPlay.WindowsDX", "MotionWordPlay.WindowsDX\MotionWordPlay.WindowsDX.csproj", "{3B14F827-8748-4565-B921-3999AD83FD52}"
EndProject
Project("{FAE04EC0-301F-11D3-BF4B-00C04F79EFBC}") = "MotionWordPlay.DesktopGL", "MotionWordPlay.DesktopGL\MotionWordPlay.DesktopGL.csproj", "{B4E8BBFF-41BA-44D8-B019-34E3A3E6A79B}"
EndProject
Project("{FAE04EC0-301F-11D3-BF4B-00C04F79EFBC}") = "MotionControlWrapper", "MotionControlWrapper\MotionControlWrapper.csproj", "{770E82F2-41F3-4AE9-81AE-B4315CB8CB74}"
EndProject
Project("{2150E333-8FDC-42A3-9474-1A3956D46DE8}") = "Applications", "Applications", "{30CF25A8-C535-4490-94BB-3AE270F41EE4}"
EndProject
Project("{2150E333-8FDC-42A3-9474-1A3956D46DE8}") = "Libraries", "Libraries", "{8E408B76-7068-42C5-9C3C-B328B0F9B0EA}"
EndProject
Project("{2150E333-8FDC-42A3-9474-1A3956D46DE8}") = "Tests", "Tests", "{557F269C-24F5-48B4-97CC-9506B9AFC40E}"
EndProject
Project("{FAE04EC0-301F-11D3-BF4B-00C04F79EFBC}") = "MotionWordPlay.UserInterface", "MotionWordPlay.UserInterface\MotionWordPlay.UserInterface.csproj", "{F4ECD093-9810-451B-92E8-C0282F8CF0EF}"
EndProject
Project("{FAE04EC0-301F-11D3-BF4B-00C04F79EFBC}") = "WordPlay", "WordPlay\WordPlay.csproj", "{82A5FFE1-6EFE-4CEA-9CCE-F20485FFC761}"
EndProject
Project("{D954291E-2A0B-460D-934E-DC6B0785DB48}") = "MotionWordPlay", "MotionWordPlay\MotionWordPlay.shproj", "{B1F6A2FD-1A57-4158-BC84-AE18AAF75241}"
EndProject
Global
	GlobalSection(SharedMSBuildProjectFiles) = preSolution
		MotionWordPlay\MotionWordPlay.projitems*{3b14f827-8748-4565-b921-3999ad83fd52}*SharedItemsImports = 4
		MotionWordPlay\MotionWordPlay.projitems*{b4e8bbff-41ba-44d8-b019-34e3a3e6a79b}*SharedItemsImports = 4
		MotionWordPlay\MotionWordPlay.projitems*{b1f6a2fd-1a57-4158-bc84-ae18aaf75241}*SharedItemsImports = 13
	EndGlobalSection
	GlobalSection(SolutionConfigurationPlatforms) = preSolution
		Debug|Any CPU = Debug|Any CPU
		Debug|x86 = Debug|x86
		Release|Any CPU = Release|Any CPU
		Release|x86 = Release|x86
		WindowsDX Debug|Any CPU = WindowsDX Debug|Any CPU
		WindowsDX Debug|x86 = WindowsDX Debug|x86
		WindowsDX Release|Any CPU = WindowsDX Release|Any CPU
		WindowsDX Release|x86 = WindowsDX Release|x86
	EndGlobalSection
	GlobalSection(ProjectConfigurationPlatforms) = postSolution
		{3B14F827-8748-4565-B921-3999AD83FD52}.Debug|Any CPU.ActiveCfg = Debug|x86
		{3B14F827-8748-4565-B921-3999AD83FD52}.Debug|x86.ActiveCfg = Debug|x86
		{3B14F827-8748-4565-B921-3999AD83FD52}.Debug|x86.Build.0 = Debug|x86
		{3B14F827-8748-4565-B921-3999AD83FD52}.Release|Any CPU.ActiveCfg = Release|x86
		{3B14F827-8748-4565-B921-3999AD83FD52}.Release|x86.ActiveCfg = Release|x86
		{3B14F827-8748-4565-B921-3999AD83FD52}.Release|x86.Build.0 = Release|x86
		{3B14F827-8748-4565-B921-3999AD83FD52}.WindowsDX Debug|Any CPU.ActiveCfg = Debug|x86
		{3B14F827-8748-4565-B921-3999AD83FD52}.WindowsDX Debug|Any CPU.Build.0 = Debug|x86
		{3B14F827-8748-4565-B921-3999AD83FD52}.WindowsDX Debug|x86.ActiveCfg = Debug|x86
		{3B14F827-8748-4565-B921-3999AD83FD52}.WindowsDX Debug|x86.Build.0 = Debug|x86
		{3B14F827-8748-4565-B921-3999AD83FD52}.WindowsDX Release|Any CPU.ActiveCfg = Release|x86
		{3B14F827-8748-4565-B921-3999AD83FD52}.WindowsDX Release|Any CPU.Build.0 = Release|x86
		{3B14F827-8748-4565-B921-3999AD83FD52}.WindowsDX Release|x86.ActiveCfg = Release|x86
		{3B14F827-8748-4565-B921-3999AD83FD52}.WindowsDX Release|x86.Build.0 = Release|x86
		{B4E8BBFF-41BA-44D8-B019-34E3A3E6A79B}.Debug|Any CPU.ActiveCfg = Debug|x86
		{B4E8BBFF-41BA-44D8-B019-34E3A3E6A79B}.Debug|Any CPU.Build.0 = Debug|x86
		{B4E8BBFF-41BA-44D8-B019-34E3A3E6A79B}.Debug|x86.ActiveCfg = Debug|x86
		{B4E8BBFF-41BA-44D8-B019-34E3A3E6A79B}.Debug|x86.Build.0 = Debug|x86
		{B4E8BBFF-41BA-44D8-B019-34E3A3E6A79B}.Release|Any CPU.ActiveCfg = Release|x86
		{B4E8BBFF-41BA-44D8-B019-34E3A3E6A79B}.Release|Any CPU.Build.0 = Release|x86
		{B4E8BBFF-41BA-44D8-B019-34E3A3E6A79B}.Release|x86.ActiveCfg = Release|x86
		{B4E8BBFF-41BA-44D8-B019-34E3A3E6A79B}.Release|x86.Build.0 = Release|x86
		{B4E8BBFF-41BA-44D8-B019-34E3A3E6A79B}.WindowsDX Debug|Any CPU.ActiveCfg = Debug|x86
		{B4E8BBFF-41BA-44D8-B019-34E3A3E6A79B}.WindowsDX Debug|x86.ActiveCfg = Debug|x86
		{B4E8BBFF-41BA-44D8-B019-34E3A3E6A79B}.WindowsDX Debug|x86.Build.0 = Debug|x86
		{B4E8BBFF-41BA-44D8-B019-34E3A3E6A79B}.WindowsDX Release|Any CPU.ActiveCfg = Release|x86
		{B4E8BBFF-41BA-44D8-B019-34E3A3E6A79B}.WindowsDX Release|x86.ActiveCfg = Release|x86
		{B4E8BBFF-41BA-44D8-B019-34E3A3E6A79B}.WindowsDX Release|x86.Build.0 = Release|x86
		{770E82F2-41F3-4AE9-81AE-B4315CB8CB74}.Debug|Any CPU.ActiveCfg = Debug|Any CPU
		{770E82F2-41F3-4AE9-81AE-B4315CB8CB74}.Debug|Any CPU.Build.0 = Debug|Any CPU
		{770E82F2-41F3-4AE9-81AE-B4315CB8CB74}.Debug|x86.ActiveCfg = Debug|Any CPU
		{770E82F2-41F3-4AE9-81AE-B4315CB8CB74}.Debug|x86.Build.0 = Debug|Any CPU
		{770E82F2-41F3-4AE9-81AE-B4315CB8CB74}.Release|Any CPU.ActiveCfg = Release|Any CPU
		{770E82F2-41F3-4AE9-81AE-B4315CB8CB74}.Release|Any CPU.Build.0 = Release|Any CPU
		{770E82F2-41F3-4AE9-81AE-B4315CB8CB74}.Release|x86.ActiveCfg = Release|Any CPU
		{770E82F2-41F3-4AE9-81AE-B4315CB8CB74}.Release|x86.Build.0 = Release|Any CPU
		{770E82F2-41F3-4AE9-81AE-B4315CB8CB74}.WindowsDX Debug|Any CPU.ActiveCfg = WindowsDX Debug|Any CPU
		{770E82F2-41F3-4AE9-81AE-B4315CB8CB74}.WindowsDX Debug|Any CPU.Build.0 = WindowsDX Debug|Any CPU
		{770E82F2-41F3-4AE9-81AE-B4315CB8CB74}.WindowsDX Debug|x86.ActiveCfg = WindowsDX Debug|Any CPU
		{770E82F2-41F3-4AE9-81AE-B4315CB8CB74}.WindowsDX Debug|x86.Build.0 = WindowsDX Debug|Any CPU
		{770E82F2-41F3-4AE9-81AE-B4315CB8CB74}.WindowsDX Release|Any CPU.ActiveCfg = WindowsDX Release|Any CPU
		{770E82F2-41F3-4AE9-81AE-B4315CB8CB74}.WindowsDX Release|Any CPU.Build.0 = WindowsDX Release|Any CPU
		{770E82F2-41F3-4AE9-81AE-B4315CB8CB74}.WindowsDX Release|x86.ActiveCfg = WindowsDX Release|Any CPU
		{770E82F2-41F3-4AE9-81AE-B4315CB8CB74}.WindowsDX Release|x86.Build.0 = WindowsDX Release|Any CPU
		{F4ECD093-9810-451B-92E8-C0282F8CF0EF}.Debug|Any CPU.ActiveCfg = Debug|Any CPU
		{F4ECD093-9810-451B-92E8-C0282F8CF0EF}.Debug|Any CPU.Build.0 = Debug|Any CPU
		{F4ECD093-9810-451B-92E8-C0282F8CF0EF}.Debug|x86.ActiveCfg = Debug|Any CPU
		{F4ECD093-9810-451B-92E8-C0282F8CF0EF}.Debug|x86.Build.0 = Debug|Any CPU
		{F4ECD093-9810-451B-92E8-C0282F8CF0EF}.Release|Any CPU.ActiveCfg = Release|Any CPU
		{F4ECD093-9810-451B-92E8-C0282F8CF0EF}.Release|Any CPU.Build.0 = Release|Any CPU
		{F4ECD093-9810-451B-92E8-C0282F8CF0EF}.Release|x86.ActiveCfg = Release|Any CPU
		{F4ECD093-9810-451B-92E8-C0282F8CF0EF}.Release|x86.Build.0 = Release|Any CPU
		{F4ECD093-9810-451B-92E8-C0282F8CF0EF}.WindowsDX Debug|Any CPU.ActiveCfg = Debug|Any CPU
		{F4ECD093-9810-451B-92E8-C0282F8CF0EF}.WindowsDX Debug|Any CPU.Build.0 = Debug|Any CPU
		{F4ECD093-9810-451B-92E8-C0282F8CF0EF}.WindowsDX Debug|x86.ActiveCfg = Debug|Any CPU
		{F4ECD093-9810-451B-92E8-C0282F8CF0EF}.WindowsDX Debug|x86.Build.0 = Debug|Any CPU
		{F4ECD093-9810-451B-92E8-C0282F8CF0EF}.WindowsDX Release|Any CPU.ActiveCfg = Release|Any CPU
		{F4ECD093-9810-451B-92E8-C0282F8CF0EF}.WindowsDX Release|Any CPU.Build.0 = Release|Any CPU
		{F4ECD093-9810-451B-92E8-C0282F8CF0EF}.WindowsDX Release|x86.ActiveCfg = Release|Any CPU
		{F4ECD093-9810-451B-92E8-C0282F8CF0EF}.WindowsDX Release|x86.Build.0 = Release|Any CPU
		{82A5FFE1-6EFE-4CEA-9CCE-F20485FFC761}.Debug|Any CPU.ActiveCfg = Debug|Any CPU
		{82A5FFE1-6EFE-4CEA-9CCE-F20485FFC761}.Debug|Any CPU.Build.0 = Debug|Any CPU
		{82A5FFE1-6EFE-4CEA-9CCE-F20485FFC761}.Debug|x86.ActiveCfg = Debug|Any CPU
		{82A5FFE1-6EFE-4CEA-9CCE-F20485FFC761}.Debug|x86.Build.0 = Debug|Any CPU
		{82A5FFE1-6EFE-4CEA-9CCE-F20485FFC761}.Release|Any CPU.ActiveCfg = Release|Any CPU
		{82A5FFE1-6EFE-4CEA-9CCE-F20485FFC761}.Release|Any CPU.Build.0 = Release|Any CPU
		{82A5FFE1-6EFE-4CEA-9CCE-F20485FFC761}.Release|x86.ActiveCfg = Release|Any CPU
		{82A5FFE1-6EFE-4CEA-9CCE-F20485FFC761}.Release|x86.Build.0 = Release|Any CPU
		{82A5FFE1-6EFE-4CEA-9CCE-F20485FFC761}.WindowsDX Debug|Any CPU.ActiveCfg = Debug|Any CPU
		{82A5FFE1-6EFE-4CEA-9CCE-F20485FFC761}.WindowsDX Debug|Any CPU.Build.0 = Debug|Any CPU
		{82A5FFE1-6EFE-4CEA-9CCE-F20485FFC761}.WindowsDX Debug|x86.ActiveCfg = Debug|Any CPU
		{82A5FFE1-6EFE-4CEA-9CCE-F20485FFC761}.WindowsDX Debug|x86.Build.0 = Debug|Any CPU
		{82A5FFE1-6EFE-4CEA-9CCE-F20485FFC761}.WindowsDX Release|Any CPU.ActiveCfg = Release|Any CPU
		{82A5FFE1-6EFE-4CEA-9CCE-F20485FFC761}.WindowsDX Release|Any CPU.Build.0 = Release|Any CPU
		{82A5FFE1-6EFE-4CEA-9CCE-F20485FFC761}.WindowsDX Release|x86.ActiveCfg = Release|Any CPU
		{82A5FFE1-6EFE-4CEA-9CCE-F20485FFC761}.WindowsDX Release|x86.Build.0 = Release|Any CPU
	EndGlobalSection
	GlobalSection(SolutionProperties) = preSolution
		HideSolutionNode = FALSE
	EndGlobalSection
	GlobalSection(NestedProjects) = preSolution
		{3B14F827-8748-4565-B921-3999AD83FD52} = {30CF25A8-C535-4490-94BB-3AE270F41EE4}
		{B4E8BBFF-41BA-44D8-B019-34E3A3E6A79B} = {30CF25A8-C535-4490-94BB-3AE270F41EE4}
		{770E82F2-41F3-4AE9-81AE-B4315CB8CB74} = {8E408B76-7068-42C5-9C3C-B328B0F9B0EA}
		{F4ECD093-9810-451B-92E8-C0282F8CF0EF} = {8E408B76-7068-42C5-9C3C-B328B0F9B0EA}
		{82A5FFE1-6EFE-4CEA-9CCE-F20485FFC761} = {8E408B76-7068-42C5-9C3C-B328B0F9B0EA}
		{B1F6A2FD-1A57-4158-BC84-AE18AAF75241} = {8E408B76-7068-42C5-9C3C-B328B0F9B0EA}
	EndGlobalSection
EndGlobal
